
Microsoft Visual Studio Solution File, Format Version 12.00
Project("{FAE04EC0-301F-11D3-BF4B-00C04F79EFBC}") = "FaceToObjeect", "FaceToObjeect\FaceToObjeect.csproj", "{737FC613-AB81-4A3E-B4DE-833CBB0BD239}"
EndProject
Project("{FAE04EC0-301F-11D3-BF4B-00C04F79EFBC}") = "GC", "GC\GC.csproj", "{6C71E741-0BA0-4150-9D2D-A72FA11270F7}"
EndProject
Project("{FAE04EC0-301F-11D3-BF4B-00C04F79EFBC}") = "IndexMechanical", "IndexMechanical\IndexMechanical.csproj", "{C82373EA-F4F0-4DA8-A9A6-548AB019A8E2}"
EndProject
Project("{FAE04EC0-301F-11D3-BF4B-00C04F79EFBC}") = "Expand the approach", "Expand the approach\Expand the approach.csproj", "{C0A14F33-4F30-46D0-8DB4-AF66E3C01022}"
EndProject
Project("{FAE04EC0-301F-11D3-BF4B-00C04F79EFBC}") = "Richtersubstitution", "Richtersubstitution\Richtersubstitution.csproj", "{76409FB7-FB35-4FD9-B675-17CEA407514F}"
EndProject
Project("{FAE04EC0-301F-11D3-BF4B-00C04F79EFBC}") = "Constructor", "Constructor\Constructor.csproj", "{E973F77E-662E-47B7-A0CE-53D619D20092}"
EndProject
Global
	GlobalSection(SolutionConfigurationPlatforms) = preSolution
		Debug|Any CPU = Debug|Any CPU
		Release|Any CPU = Release|Any CPU
	EndGlobalSection
	GlobalSection(ProjectConfigurationPlatforms) = postSolution
		{737FC613-AB81-4A3E-B4DE-833CBB0BD239}.Debug|Any CPU.ActiveCfg = Debug|Any CPU
		{737FC613-AB81-4A3E-B4DE-833CBB0BD239}.Debug|Any CPU.Build.0 = Debug|Any CPU
		{737FC613-AB81-4A3E-B4DE-833CBB0BD239}.Release|Any CPU.ActiveCfg = Release|Any CPU
		{737FC613-AB81-4A3E-B4DE-833CBB0BD239}.Release|Any CPU.Build.0 = Release|Any CPU
		{6C71E741-0BA0-4150-9D2D-A72FA11270F7}.Debug|Any CPU.ActiveCfg = Debug|Any CPU
		{6C71E741-0BA0-4150-9D2D-A72FA11270F7}.Debug|Any CPU.Build.0 = Debug|Any CPU
		{6C71E741-0BA0-4150-9D2D-A72FA11270F7}.Release|Any CPU.ActiveCfg = Release|Any CPU
		{6C71E741-0BA0-4150-9D2D-A72FA11270F7}.Release|Any CPU.Build.0 = Release|Any CPU
		{C82373EA-F4F0-4DA8-A9A6-548AB019A8E2}.Debug|Any CPU.ActiveCfg = Debug|Any CPU
		{C82373EA-F4F0-4DA8-A9A6-548AB019A8E2}.Debug|Any CPU.Build.0 = Debug|Any CPU
		{C82373EA-F4F0-4DA8-A9A6-548AB019A8E2}.Release|Any CPU.ActiveCfg = Release|Any CPU
		{C82373EA-F4F0-4DA8-A9A6-548AB019A8E2}.Release|Any CPU.Build.0 = Release|Any CPU
		{C0A14F33-4F30-46D0-8DB4-AF66E3C01022}.Debug|Any CPU.ActiveCfg = Debug|Any CPU
		{C0A14F33-4F30-46D0-8DB4-AF66E3C01022}.Debug|Any CPU.Build.0 = Debug|Any CPU
		{C0A14F33-4F30-46D0-8DB4-AF66E3C01022}.Release|Any CPU.ActiveCfg = Release|Any CPU
		{C0A14F33-4F30-46D0-8DB4-AF66E3C01022}.Release|Any CPU.Build.0 = Release|Any CPU
		{76409FB7-FB35-4FD9-B675-17CEA407514F}.Debug|Any CPU.ActiveCfg = Debug|Any CPU
		{76409FB7-FB35-4FD9-B675-17CEA407514F}.Debug|Any CPU.Build.0 = Debug|Any CPU
		{76409FB7-FB35-4FD9-B675-17CEA407514F}.Release|Any CPU.ActiveCfg = Release|Any CPU
		{76409FB7-FB35-4FD9-B675-17CEA407514F}.Release|Any CPU.Build.0 = Release|Any CPU
		{E973F77E-662E-47B7-A0CE-53D619D20092}.Debug|Any CPU.ActiveCfg = Debug|Any CPU
		{E973F77E-662E-47B7-A0CE-53D619D20092}.Debug|Any CPU.Build.0 = Debug|Any CPU
		{E973F77E-662E-47B7-A0CE-53D619D20092}.Release|Any CPU.ActiveCfg = Release|Any CPU
		{E973F77E-662E-47B7-A0CE-53D619D20092}.Release|Any CPU.Build.0 = Release|Any CPU
	EndGlobalSection
EndGlobal
