
Microsoft Visual Studio Solution File, Format Version 12.00
Project("{FAE04EC0-301F-11D3-BF4B-00C04F79EFBC}") = "FaceToObjeect", "FaceToObjeect\FaceToObjeect.csproj", "{737FC613-AB81-4A3E-B4DE-833CBB0BD239}"
EndProject
Global
	GlobalSection(SolutionConfigurationPlatforms) = preSolution
		Debug|Any CPU = Debug|Any CPU
		Release|Any CPU = Release|Any CPU
	EndGlobalSection
	GlobalSection(ProjectConfigurationPlatforms) = postSolution
		{737FC613-AB81-4A3E-B4DE-833CBB0BD239}.Debug|Any CPU.ActiveCfg = Debug|Any CPU
		{737FC613-AB81-4A3E-B4DE-833CBB0BD239}.Debug|Any CPU.Build.0 = Debug|Any CPU
		{737FC613-AB81-4A3E-B4DE-833CBB0BD239}.Release|Any CPU.ActiveCfg = Release|Any CPU
		{737FC613-AB81-4A3E-B4DE-833CBB0BD239}.Release|Any CPU.Build.0 = Release|Any CPU
	EndGlobalSection
EndGlobal
